
Microsoft Visual Studio Solution File, Format Version 12.00
# Visual Studio 14
VisualStudioVersion = 14.0.24720.0
MinimumVisualStudioVersion = 10.0.40219.1
Project("{FAE04EC0-301F-11D3-BF4B-00C04F79EFBC}") = "Sportsman", "Sportsman\Sportsman.csproj", "{CD9F1D3A-FB79-43F2-8BAD-1E95C9122CBC}"
EndProject
Project("{FAE04EC0-301F-11D3-BF4B-00C04F79EFBC}") = "Mushrooms", "Mushrooms\Mushrooms.csproj", "{61E0F330-17DE-49AF-A2AA-67E93296CAF4}"
EndProject
Project("{FAE04EC0-301F-11D3-BF4B-00C04F79EFBC}") = "Goats", "Goats\Goats.csproj", "{87903792-E9D7-4200-985D-06E903169E7D}"
EndProject
Project("{FAE04EC0-301F-11D3-BF4B-00C04F79EFBC}") = "MinimumArea", "MinimumArea\MinimumArea.csproj", "{88B55EED-F782-42E7-9427-EE783758782C}"
EndProject
Global
	GlobalSection(SolutionConfigurationPlatforms) = preSolution
		Debug|Any CPU = Debug|Any CPU
		Release|Any CPU = Release|Any CPU
	EndGlobalSection
	GlobalSection(ProjectConfigurationPlatforms) = postSolution
		{CD9F1D3A-FB79-43F2-8BAD-1E95C9122CBC}.Debug|Any CPU.ActiveCfg = Debug|Any CPU
		{CD9F1D3A-FB79-43F2-8BAD-1E95C9122CBC}.Debug|Any CPU.Build.0 = Debug|Any CPU
		{CD9F1D3A-FB79-43F2-8BAD-1E95C9122CBC}.Release|Any CPU.ActiveCfg = Release|Any CPU
		{CD9F1D3A-FB79-43F2-8BAD-1E95C9122CBC}.Release|Any CPU.Build.0 = Release|Any CPU
		{61E0F330-17DE-49AF-A2AA-67E93296CAF4}.Debug|Any CPU.ActiveCfg = Debug|Any CPU
		{61E0F330-17DE-49AF-A2AA-67E93296CAF4}.Debug|Any CPU.Build.0 = Debug|Any CPU
		{61E0F330-17DE-49AF-A2AA-67E93296CAF4}.Release|Any CPU.ActiveCfg = Release|Any CPU
		{61E0F330-17DE-49AF-A2AA-67E93296CAF4}.Release|Any CPU.Build.0 = Release|Any CPU
		{87903792-E9D7-4200-985D-06E903169E7D}.Debug|Any CPU.ActiveCfg = Debug|Any CPU
		{87903792-E9D7-4200-985D-06E903169E7D}.Debug|Any CPU.Build.0 = Debug|Any CPU
		{87903792-E9D7-4200-985D-06E903169E7D}.Release|Any CPU.ActiveCfg = Release|Any CPU
		{87903792-E9D7-4200-985D-06E903169E7D}.Release|Any CPU.Build.0 = Release|Any CPU
		{88B55EED-F782-42E7-9427-EE783758782C}.Debug|Any CPU.ActiveCfg = Debug|Any CPU
		{88B55EED-F782-42E7-9427-EE783758782C}.Debug|Any CPU.Build.0 = Debug|Any CPU
		{88B55EED-F782-42E7-9427-EE783758782C}.Release|Any CPU.ActiveCfg = Release|Any CPU
		{88B55EED-F782-42E7-9427-EE783758782C}.Release|Any CPU.Build.0 = Release|Any CPU
	EndGlobalSection
	GlobalSection(SolutionProperties) = preSolution
		HideSolutionNode = FALSE
	EndGlobalSection
EndGlobal
